
Microsoft Visual Studio Solution File, Format Version 12.00
# Visual Studio 15
VisualStudioVersion = 15.0.26730.15
MinimumVisualStudioVersion = 10.0.40219.1
Project("{FAE04EC0-301F-11D3-BF4B-00C04F79EFBC}") = "CSVReader", "CSVReader\CSVReader.csproj", "{931E24AC-166F-475B-BCAA-212859CE43E5}"
EndProject
Global
	GlobalSection(SolutionConfigurationPlatforms) = preSolution
		Debug|Any CPU = Debug|Any CPU
		Release|Any CPU = Release|Any CPU
	EndGlobalSection
	GlobalSection(ProjectConfigurationPlatforms) = postSolution
		{931E24AC-166F-475B-BCAA-212859CE43E5}.Debug|Any CPU.ActiveCfg = Debug|Any CPU
		{931E24AC-166F-475B-BCAA-212859CE43E5}.Debug|Any CPU.Build.0 = Debug|Any CPU
		{931E24AC-166F-475B-BCAA-212859CE43E5}.Release|Any CPU.ActiveCfg = Release|Any CPU
		{931E24AC-166F-475B-BCAA-212859CE43E5}.Release|Any CPU.Build.0 = Release|Any CPU
	EndGlobalSection
	GlobalSection(SolutionProperties) = preSolution
		HideSolutionNode = FALSE
	EndGlobalSection
	GlobalSection(ExtensibilityGlobals) = postSolution
		SolutionGuid = {1BE01D8B-1352-43BA-87B7-FCBB69645D1E}
	EndGlobalSection
EndGlobal
